
Microsoft Visual Studio Solution File, Format Version 12.00
# Visual Studio Version 17
VisualStudioVersion = 17.14.36414.22 d17.14
MinimumVisualStudioVersion = 10.0.40219.1
Project("{FAE04EC0-301F-11D3-BF4B-00C04F79EFBC}") = "Assignment1OOP", "Assignment1OOP.csproj", "{47738055-E618-412C-9C6E-0FD0BD42B52C}"
EndProject
Global
	GlobalSection(SolutionConfigurationPlatforms) = preSolution
		Debug|Any CPU = Debug|Any CPU
		Release|Any CPU = Release|Any CPU
	EndGlobalSection
	GlobalSection(ProjectConfigurationPlatforms) = postSolution
		{47738055-E618-412C-9C6E-0FD0BD42B52C}.Debug|Any CPU.ActiveCfg = Debug|Any CPU
		{47738055-E618-412C-9C6E-0FD0BD42B52C}.Debug|Any CPU.Build.0 = Debug|Any CPU
		{47738055-E618-412C-9C6E-0FD0BD42B52C}.Release|Any CPU.ActiveCfg = Release|Any CPU
		{47738055-E618-412C-9C6E-0FD0BD42B52C}.Release|Any CPU.Build.0 = Release|Any CPU
	EndGlobalSection
	GlobalSection(SolutionProperties) = preSolution
		HideSolutionNode = FALSE
	EndGlobalSection
	GlobalSection(ExtensibilityGlobals) = postSolution
		SolutionGuid = {957E0E2D-470E-453B-B513-B71A4532979B}
	EndGlobalSection
EndGlobal
